// !$*UTF8*$!
{
	archiveVersion = 1;
	classes = {
	};
	objectVersion = 77;
	objects = {

/* Begin PBXBuildFile section */
		0389B5BFC6E9792167E5C7ED /* ProgressView.swift in Sources */ = {isa = PBXBuildFile; fileRef = 566893D70C644407F95487D5 /* ProgressView.swift */; };
		051764268CC366863B331526 /* advanced-swift-5.json in Resources */ = {isa = PBXBuildFile; fileRef = 20E31A202AC96301B2EBD285 /* advanced-swift-5.json */; };
		081BD7E4DB993339929C446E /* Color+Theme.swift in Sources */ = {isa = PBXBuildFile; fileRef = 5A71EC20781F2E4F7C422F34 /* Color+Theme.swift */; };
		11C49C8B9AEEC531E24570AD /* xcode-mastery-1.json in Resources */ = {isa = PBXBuildFile; fileRef = 9D439E13D26E3D247AFEB28D /* xcode-mastery-1.json */; };
		12F14D514C1E707E8713FC86 /* swiftui-essentials-4.json in Resources */ = {isa = PBXBuildFile; fileRef = 2720C7C7E2C84632382B99F5 /* swiftui-essentials-4.json */; };
		16336FBDCA4A7391B4AC8D22 /* QuizView.swift in Sources */ = {isa = PBXBuildFile; fileRef = 5B65F1B40EF03CFE305B82BB /* QuizView.swift */; };
		18C62118798158971678BA4B /* LearningPath.swift in Sources */ = {isa = PBXBuildFile; fileRef = 1942D84278A47C3155A1F55B /* LearningPath.swift */; };
		1930F3FC48DA1E4544D6883F /* AIMessage.swift in Sources */ = {isa = PBXBuildFile; fileRef = EB192958A476A9494C5900EF /* AIMessage.swift */; };
		1AE87387156801C0236CCB7C /* Lesson.swift in Sources */ = {isa = PBXBuildFile; fileRef = EFB0E26A62121D8A58BB7E38 /* Lesson.swift */; };
		28B9E9EC02FE1F5C93198104 /* PreviewService.swift in Sources */ = {isa = PBXBuildFile; fileRef = 712D930B041AF64FE63D93B0 /* PreviewService.swift */; };
		2ADBA9837585CD9E6167A20B /* LearningPathsView.swift in Sources */ = {isa = PBXBuildFile; fileRef = FF97D89213B2FA9B531AE5A3 /* LearningPathsView.swift */; };
		2B9B2FF5FA537F825F07A8EB /* SnippetLibraryView.swift in Sources */ = {isa = PBXBuildFile; fileRef = A1D258EF1FA6EA7F300DE868 /* SnippetLibraryView.swift */; };
		2D139AD5A1D6786F77B7BEB2 /* SMProgressRing.swift in Sources */ = {isa = PBXBuildFile; fileRef = D63DFAD3430D3B2D29F02474 /* SMProgressRing.swift */; };
		321C77321C893A739051A2FE /* swift-fundamentals.json in Resources */ = {isa = PBXBuildFile; fileRef = AEEA753893F9646C400A1FE7 /* swift-fundamentals.json */; };
		33BA17FF04FEE64B70869F2A /* swift-fundamentals-2.json in Resources */ = {isa = PBXBuildFile; fileRef = 2B018034F22DF1EFF171C9C3 /* swift-fundamentals-2.json */; };
		34FE3D06D5D219B62F901F49 /* LearningPathsPreview.swift in Sources */ = {isa = PBXBuildFile; fileRef = 33D91C9C0247E7C2E3889EE1 /* LearningPathsPreview.swift */; };
		35ABF9605017EBEC377C0CCD /* combine-framework-3.json in Resources */ = {isa = PBXBuildFile; fileRef = 9BEEEE0642076B3A95D61754 /* combine-framework-3.json */; };
		3DA15AA30BA797BC73719AF3 /* appstore-distribution-1.json in Resources */ = {isa = PBXBuildFile; fileRef = 33CC520228BE89EF54A8155A /* appstore-distribution-1.json */; };
		3E2181986CBF198CB4CFB595 /* CodeExecutionService.swift in Sources */ = {isa = PBXBuildFile; fileRef = E1AC5D3A0EA08B9CD886E2A1 /* CodeExecutionService.swift */; };
		41A9FC05D7A6EBC9ED38F4E3 /* widgetkit-basics-1.json in Resources */ = {isa = PBXBuildFile; fileRef = 9FF337EC4DC694EFA0D2D8B3 /* widgetkit-basics-1.json */; };
		4540D6C5C8FC97EE0087E6A2 /* SMCodeEditor.swift in Sources */ = {isa = PBXBuildFile; fileRef = EEED7B6C4305D9F7D7A6DAC8 /* SMCodeEditor.swift */; };
		45BC7C46774266E9A5FDC5AE /* ProjectGeneratorService.swift in Sources */ = {isa = PBXBuildFile; fileRef = 1FABCFF63ADEC884988CE0AA /* ProjectGeneratorService.swift */; };
		45FB287012DFB43CB4E738EB /* concurrency.json in Resources */ = {isa = PBXBuildFile; fileRef = 72782C654006CF862280025D /* concurrency.json */; };
		46143044C6DA50223CC2CC20 /* metal-basics-2.json in Resources */ = {isa = PBXBuildFile; fileRef = 48126888C4BC37330AA07A31 /* metal-basics-2.json */; };
		47864BDCEBA90893D4AD6703 /* AIChatPanel.swift in Sources */ = {isa = PBXBuildFile; fileRef = 903816B8297F72031372C2B7 /* AIChatPanel.swift */; };
		490EE6BD8A3BD226BC98B7CA /* ViewModels.swift in Sources */ = {isa = PBXBuildFile; fileRef = 5D058C807BB430F2B7A5B860 /* ViewModels.swift */; };
		533EFE6C47F72FC1FC165B15 /* DebugContentView.swift in Sources */ = {isa = PBXBuildFile; fileRef = 939E3A353D8F135D69BE1AB1 /* DebugContentView.swift */; };
		55C0A47C4102C92E5FDE882F /* main.swift in Sources */ = {isa = PBXBuildFile; fileRef = 1FDB2810E6128B68485DB759 /* main.swift */; };
		5FCF8EE686B943E0E724C28F /* coreml-intro-2.json in Resources */ = {isa = PBXBuildFile; fileRef = 88738618327B85DEF6317287 /* coreml-intro-2.json */; };
		65B4E8F5C1A3BD62BECE12EA /* paths.json in Resources */ = {isa = PBXBuildFile; fileRef = B7A64BB7AF7B868C695AEFB7 /* paths.json */; };
		6680BBBAB4608C3194277125 /* swiftdata-essentials-1.json in Resources */ = {isa = PBXBuildFile; fileRef = 862004DABC28BD10CD3FF817 /* swiftdata-essentials-1.json */; };
		66BFCA1A8D7A710E04801ECD /* swift-fundamentals-4.json in Resources */ = {isa = PBXBuildFile; fileRef = 52E5EB162CC64DD65A0BE3D3 /* swift-fundamentals-4.json */; };
		68605CE243ADE435793F146B /* metal-basics-3.json in Resources */ = {isa = PBXBuildFile; fileRef = 2AE10A0EBE171E8782AC5C61 /* metal-basics-3.json */; };
		69B7D2AD2EF2026250CE7313 /* xcode-mastery-2.json in Resources */ = {isa = PBXBuildFile; fileRef = 76B01C48A66E4E7D854D8644 /* xcode-mastery-2.json */; };
		730C470A7FFC7405CC05E1F0 /* advanced-swift-2.json in Resources */ = {isa = PBXBuildFile; fileRef = 735F9CADBAA4292B19A70B70 /* advanced-swift-2.json */; };
		7D27987A1C28A274567499C6 /* coreml-intro-1.json in Resources */ = {isa = PBXBuildFile; fileRef = 6121B3FFD28AA3EC4D4F50BC /* coreml-intro-1.json */; };
		809988C9E7245B7752DB12B1 /* Assets.xcassets in Resources */ = {isa = PBXBuildFile; fileRef = 87CC775969CB5D85E9EC6DF7 /* Assets.xcassets */; };
		8319E113C793CE88C87EF5AF /* swift-fundamentals-3.json in Resources */ = {isa = PBXBuildFile; fileRef = 68A35F6BADB6A4DCEFB2120B /* swift-fundamentals-3.json */; };
		839DBB0FFA7E548960EF1CAB /* xcode-mastery-3.json in Resources */ = {isa = PBXBuildFile; fileRef = 43E786951496A462EEA513AD /* xcode-mastery-3.json */; };
		87D5A3E1B5A163E24DB60536 /* Components.swift in Sources */ = {isa = PBXBuildFile; fileRef = 67084F6DA5048C17FC2F3436 /* Components.swift */; };
		8BEC8B1FAFB418F03A40D5A7 /* appstore-distribution-3.json in Resources */ = {isa = PBXBuildFile; fileRef = C081229F6F172A288CB8103E /* appstore-distribution-3.json */; };
		909028AE7B310A7F9AB81194 /* GlassEffects.swift in Sources */ = {isa = PBXBuildFile; fileRef = B2540B70EC9D00CD0C703B83 /* GlassEffects.swift */; };
		91F907D3502551A4330FAC49 /* advanced-swift-1.json in Resources */ = {isa = PBXBuildFile; fileRef = BF8C96E5901284B20CCBF0DD /* advanced-swift-1.json */; };
		95E3DD37FEE52609BEEC75FC /* metal-basics-1.json in Resources */ = {isa = PBXBuildFile; fileRef = E49728A0D10A4664C91EBA6F /* metal-basics-1.json */; };
		96143CD27C8933160FD672AF /* AIService.swift in Sources */ = {isa = PBXBuildFile; fileRef = 1E0FCF10D646CAC4449F762C /* AIService.swift */; };
		9703221E2466FBFE268C83E3 /* ContentView.swift in Sources */ = {isa = PBXBuildFile; fileRef = 632D0CAAB91DF360EE8E4F4B /* ContentView.swift */; };
		998D99001BAAD8A6CF9D4523 /* SidebarView.swift in Sources */ = {isa = PBXBuildFile; fileRef = 15AB15A37662725DBA82112C /* SidebarView.swift */; };
		9ADF3D8E1FACAB8A29BE795E /* DashboardView.swift in Sources */ = {isa = PBXBuildFile; fileRef = 378411FABF19C566287166BB /* DashboardView.swift */; };
		9C5D1DE0FC716F335FE0B462 /* ProgressService.swift in Sources */ = {isa = PBXBuildFile; fileRef = 2AA5D9F4ECD853C61A0CC418 /* ProgressService.swift */; };
		9F1D85585D2DD86BEB4735E9 /* appstore-distribution-2.json in Resources */ = {isa = PBXBuildFile; fileRef = 5657350B385E9F0941D057FE /* appstore-distribution-2.json */; };
		9FA373614F02CBA1E85ADB40 /* combine-framework-1.json in Resources */ = {isa = PBXBuildFile; fileRef = 7A78D414D21C2ACE93440EF1 /* combine-framework-1.json */; };
		A0F94A9276017B339A80DCA4 /* metal.json in Resources */ = {isa = PBXBuildFile; fileRef = EED14DCBC23B7D85522B160E /* metal.json */; };
		AB1076F844307C1C95C6DAE6 /* AppSettings.swift in Sources */ = {isa = PBXBuildFile; fileRef = 588F1FE30F261E3A90EDA80B /* AppSettings.swift */; };
		AC994F5403E732FED0753C49 /* widgetkit-basics-3.json in Resources */ = {isa = PBXBuildFile; fileRef = 6128C3ACC43042F220FBDAD4 /* widgetkit-basics-3.json */; };
		AE2706E8F0E3B9C167D0613D /* Date+Extensions.swift in Sources */ = {isa = PBXBuildFile; fileRef = 66AB7C276E4C4EF5B0329015 /* Date+Extensions.swift */; };
		B0ACC4458969F0FBEDBAA4A5 /* SMQuizView.swift in Sources */ = {isa = PBXBuildFile; fileRef = FF8256FF630BDA443AEE3E2B /* SMQuizView.swift */; };
		B0E7B9CA175B49A7A2895923 /* swiftui-essentials-1.json in Resources */ = {isa = PBXBuildFile; fileRef = 0AA1998D46ED3E10B087DC09 /* swiftui-essentials-1.json */; };
		B3A02CCDDC521F05057BE876 /* swiftdata-essentials-2.json in Resources */ = {isa = PBXBuildFile; fileRef = 06F5560172FDD67E8EC6F006 /* swiftdata-essentials-2.json */; };
		B60795785C4EFC1647F197C8 /* widgetkit-basics-2.json in Resources */ = {isa = PBXBuildFile; fileRef = C437CCCD575D1636A25FA301 /* widgetkit-basics-2.json */; };
		B89665E59F357E24E2BB20DE /* AppDelegate.swift in Sources */ = {isa = PBXBuildFile; fileRef = E9E812AA0795FD617E7BF888 /* AppDelegate.swift */; };
		B943416D089E3E4BD3DDF9D7 /* UserProgress.swift in Sources */ = {isa = PBXBuildFile; fileRef = F31DFB7DE881C2C8CFF7AB0A /* UserProgress.swift */; };
		BD36C77B3C162F5E9F887F89 /* coreml.json in Resources */ = {isa = PBXBuildFile; fileRef = C1C8C118E021C55F3EE92236 /* coreml.json */; };
		BECFC8FB145C497F5812A422 /* View+Extensions.swift in Sources */ = {isa = PBXBuildFile; fileRef = 6D1BF1DFDC279DC14640D02C /* View+Extensions.swift */; };
		C3B90525DBCDC3FC423AA433 /* coreml-intro-3.json in Resources */ = {isa = PBXBuildFile; fileRef = 197CD9CD80EE2E835F57E696 /* coreml-intro-3.json */; };
		C5F52AD274763E48AC97DFDB /* LessonDetailView.swift in Sources */ = {isa = PBXBuildFile; fileRef = 02C4340CC1BC4C1E9F2BED67 /* LessonDetailView.swift */; };
		C6977F3A8CEDDC7F3FC58805 /* AutocompleteService.swift in Sources */ = {isa = PBXBuildFile; fileRef = 00F8084E201467ECAAFD0960 /* AutocompleteService.swift */; };
		CC9117638123CBF030BBDD81 /* CodePlaygroundView.swift in Sources */ = {isa = PBXBuildFile; fileRef = 0D4C4FB009D08A5FD58332CA /* CodePlaygroundView.swift */; };
		D09F8EF28FECB71EF0E3D148 /* snippets.json in Resources */ = {isa = PBXBuildFile; fileRef = CB76F888B351ECE48186137E /* snippets.json */; };
		D26DB021328B11B8EB323CCA /* swift-fundamentals-1.json in Resources */ = {isa = PBXBuildFile; fileRef = 8492B38F47E3BD7AB44808B8 /* swift-fundamentals-1.json */; };
		D3A10472C03386E4F17DD7AF /* swift-fundamentals-5.json in Resources */ = {isa = PBXBuildFile; fileRef = 3D07003AF7002DD000D35B9B /* swift-fundamentals-5.json */; };
		D3FC22E479359F6BCCB21796 /* SMOutputPanel.swift in Sources */ = {isa = PBXBuildFile; fileRef = 8D38F6A8AC0BC670AEA06652 /* SMOutputPanel.swift */; };
		D77E74512F6A13DC6719E03D /* SQLite in Frameworks */ = {isa = PBXBuildFile; productRef = A7297DF072D72656A1B4BC9B /* SQLite */; };
		DC36D1169DB5391FFBF16F3C /* swiftui-essentials-5.json in Resources */ = {isa = PBXBuildFile; fileRef = 7196D7519F5143DCF854C35A /* swiftui-essentials-5.json */; };
		DDB48328B6F2D400FF5EAFD9 /* DatabaseManager.swift in Sources */ = {isa = PBXBuildFile; fileRef = 1B581ED457FC30562664B14A /* DatabaseManager.swift */; };
		DE5BA50B0B5A939417AF08FC /* swiftdata-essentials-3.json in Resources */ = {isa = PBXBuildFile; fileRef = 07921B8D78F915497BCC696A /* swiftdata-essentials-3.json */; };
		DFBE79C965053F2A9634ACB8 /* Splash in Frameworks */ = {isa = PBXBuildFile; productRef = 0A7695AFBB064B22944A8E60 /* Splash */; };
		E1C10436692E658555C57CC6 /* combine-framework-2.json in Resources */ = {isa = PBXBuildFile; fileRef = 0A90245ED8FB975AF4ABBED9 /* combine-framework-2.json */; };
		E24CC15E52B761A525485B7B /* CodeEditorView.swift in Sources */ = {isa = PBXBuildFile; fileRef = E34DC4F715E125259F6D8066 /* CodeEditorView.swift */; };
		E55250DCE3093A5833E5B100 /* swiftui-essentials-3.json in Resources */ = {isa = PBXBuildFile; fileRef = 6F3BCA612D8BD72ADEED6587 /* swiftui-essentials-3.json */; };
		E6988D4A1ECD9618448B4B2D /* OnboardingView.swift in Sources */ = {isa = PBXBuildFile; fileRef = D3E377B7C015321DFA8D3A44 /* OnboardingView.swift */; };
		E9A2600868F8F9F9E8153D37 /* SettingsView.swift in Sources */ = {isa = PBXBuildFile; fileRef = 60A4DCEC957A82A379CAFDA5 /* SettingsView.swift */; };
		F46594A1C48F4AC3EE4B241D /* swiftui-essentials-2.json in Resources */ = {isa = PBXBuildFile; fileRef = 28C5156F97BF49B6FE5DBE69 /* swiftui-essentials-2.json */; };
		F562526FCF344E3ACFC73FA3 /* String+Extensions.swift in Sources */ = {isa = PBXBuildFile; fileRef = FBDC161D734EFA8323AFC309 /* String+Extensions.swift */; };
		F5C0D8AB740C8E42CB4EE86F /* SyntaxHighlightingService.swift in Sources */ = {isa = PBXBuildFile; fileRef = 568913DE2D38766353C5DC46 /* SyntaxHighlightingService.swift */; };
		F607CC17F618C494137414FB /* ContentService.swift in Sources */ = {isa = PBXBuildFile; fileRef = FE13107C623FA977BF71E975 /* ContentService.swift */; };
		F8B775953C169957564AA948 /* advanced-swift-4.json in Resources */ = {isa = PBXBuildFile; fileRef = 2CAD4AA5F8AE1E0BF982E0E1 /* advanced-swift-4.json */; };
		FDD4C3979DDB7ED69A1F7168 /* CodeSnippet.swift in Sources */ = {isa = PBXBuildFile; fileRef = A714BDB9391654BFBAAE8970 /* CodeSnippet.swift */; };
		FF33679B70F78A9B3F169266 /* advanced-swift-3.json in Resources */ = {isa = PBXBuildFile; fileRef = 1670BCA1B97A943375C5DF66 /* advanced-swift-3.json */; };
		FF3D2B952CE70707B12C3662 /* swiftui.json in Resources */ = {isa = PBXBuildFile; fileRef = 2527E82E3A70831851424242 /* swiftui.json */; };
/* End PBXBuildFile section */

/* Begin PBXFileReference section */
		00F8084E201467ECAAFD0960 /* AutocompleteService.swift */ = {isa = PBXFileReference; lastKnownFileType = sourcecode.swift; path = AutocompleteService.swift; sourceTree = "<group>"; };
		02C4340CC1BC4C1E9F2BED67 /* LessonDetailView.swift */ = {isa = PBXFileReference; lastKnownFileType = sourcecode.swift; path = LessonDetailView.swift; sourceTree = "<group>"; };
		06F5560172FDD67E8EC6F006 /* swiftdata-essentials-2.json */ = {isa = PBXFileReference; lastKnownFileType = text.json; path = "swiftdata-essentials-2.json"; sourceTree = "<group>"; };
		07921B8D78F915497BCC696A /* swiftdata-essentials-3.json */ = {isa = PBXFileReference; lastKnownFileType = text.json; path = "swiftdata-essentials-3.json"; sourceTree = "<group>"; };
		0A90245ED8FB975AF4ABBED9 /* combine-framework-2.json */ = {isa = PBXFileReference; lastKnownFileType = text.json; path = "combine-framework-2.json"; sourceTree = "<group>"; };
		0AA1998D46ED3E10B087DC09 /* swiftui-essentials-1.json */ = {isa = PBXFileReference; lastKnownFileType = text.json; path = "swiftui-essentials-1.json"; sourceTree = "<group>"; };
		0D4C4FB009D08A5FD58332CA /* CodePlaygroundView.swift */ = {isa = PBXFileReference; lastKnownFileType = sourcecode.swift; path = CodePlaygroundView.swift; sourceTree = "<group>"; };
		15AB15A37662725DBA82112C /* SidebarView.swift */ = {isa = PBXFileReference; lastKnownFileType = sourcecode.swift; path = SidebarView.swift; sourceTree = "<group>"; };
		1670BCA1B97A943375C5DF66 /* advanced-swift-3.json */ = {isa = PBXFileReference; lastKnownFileType = text.json; path = "advanced-swift-3.json"; sourceTree = "<group>"; };
		1942D84278A47C3155A1F55B /* LearningPath.swift */ = {isa = PBXFileReference; lastKnownFileType = sourcecode.swift; path = LearningPath.swift; sourceTree = "<group>"; };
		197CD9CD80EE2E835F57E696 /* coreml-intro-3.json */ = {isa = PBXFileReference; lastKnownFileType = text.json; path = "coreml-intro-3.json"; sourceTree = "<group>"; };
		1B581ED457FC30562664B14A /* DatabaseManager.swift */ = {isa = PBXFileReference; lastKnownFileType = sourcecode.swift; path = DatabaseManager.swift; sourceTree = "<group>"; };
		1E0FCF10D646CAC4449F762C /* AIService.swift */ = {isa = PBXFileReference; lastKnownFileType = sourcecode.swift; path = AIService.swift; sourceTree = "<group>"; };
		1FABCFF63ADEC884988CE0AA /* ProjectGeneratorService.swift */ = {isa = PBXFileReference; lastKnownFileType = sourcecode.swift; path = ProjectGeneratorService.swift; sourceTree = "<group>"; };
		1FDB2810E6128B68485DB759 /* main.swift */ = {isa = PBXFileReference; lastKnownFileType = sourcecode.swift; path = main.swift; sourceTree = "<group>"; };
		20E31A202AC96301B2EBD285 /* advanced-swift-5.json */ = {isa = PBXFileReference; lastKnownFileType = text.json; path = "advanced-swift-5.json"; sourceTree = "<group>"; };
		2527E82E3A70831851424242 /* swiftui.json */ = {isa = PBXFileReference; lastKnownFileType = text.json; path = swiftui.json; sourceTree = "<group>"; };
		2720C7C7E2C84632382B99F5 /* swiftui-essentials-4.json */ = {isa = PBXFileReference; lastKnownFileType = text.json; path = "swiftui-essentials-4.json"; sourceTree = "<group>"; };
		28C5156F97BF49B6FE5DBE69 /* swiftui-essentials-2.json */ = {isa = PBXFileReference; lastKnownFileType = text.json; path = "swiftui-essentials-2.json"; sourceTree = "<group>"; };
		2AA5D9F4ECD853C61A0CC418 /* ProgressService.swift */ = {isa = PBXFileReference; lastKnownFileType = sourcecode.swift; path = ProgressService.swift; sourceTree = "<group>"; };
		2AE10A0EBE171E8782AC5C61 /* metal-basics-3.json */ = {isa = PBXFileReference; lastKnownFileType = text.json; path = "metal-basics-3.json"; sourceTree = "<group>"; };
		2B018034F22DF1EFF171C9C3 /* swift-fundamentals-2.json */ = {isa = PBXFileReference; lastKnownFileType = text.json; path = "swift-fundamentals-2.json"; sourceTree = "<group>"; };
		2CAD4AA5F8AE1E0BF982E0E1 /* advanced-swift-4.json */ = {isa = PBXFileReference; lastKnownFileType = text.json; path = "advanced-swift-4.json"; sourceTree = "<group>"; };
		33CC520228BE89EF54A8155A /* appstore-distribution-1.json */ = {isa = PBXFileReference; lastKnownFileType = text.json; path = "appstore-distribution-1.json"; sourceTree = "<group>"; };
		33D91C9C0247E7C2E3889EE1 /* LearningPathsPreview.swift */ = {isa = PBXFileReference; lastKnownFileType = sourcecode.swift; path = LearningPathsPreview.swift; sourceTree = "<group>"; };
		378411FABF19C566287166BB /* DashboardView.swift */ = {isa = PBXFileReference; lastKnownFileType = sourcecode.swift; path = DashboardView.swift; sourceTree = "<group>"; };
		3D07003AF7002DD000D35B9B /* swift-fundamentals-5.json */ = {isa = PBXFileReference; lastKnownFileType = text.json; path = "swift-fundamentals-5.json"; sourceTree = "<group>"; };
		43E786951496A462EEA513AD /* xcode-mastery-3.json */ = {isa = PBXFileReference; lastKnownFileType = text.json; path = "xcode-mastery-3.json"; sourceTree = "<group>"; };
		48126888C4BC37330AA07A31 /* metal-basics-2.json */ = {isa = PBXFileReference; lastKnownFileType = text.json; path = "metal-basics-2.json"; sourceTree = "<group>"; };
		52E5EB162CC64DD65A0BE3D3 /* swift-fundamentals-4.json */ = {isa = PBXFileReference; lastKnownFileType = text.json; path = "swift-fundamentals-4.json"; sourceTree = "<group>"; };
		5657350B385E9F0941D057FE /* appstore-distribution-2.json */ = {isa = PBXFileReference; lastKnownFileType = text.json; path = "appstore-distribution-2.json"; sourceTree = "<group>"; };
		566893D70C644407F95487D5 /* ProgressView.swift */ = {isa = PBXFileReference; lastKnownFileType = sourcecode.swift; path = ProgressView.swift; sourceTree = "<group>"; };
		568913DE2D38766353C5DC46 /* SyntaxHighlightingService.swift */ = {isa = PBXFileReference; lastKnownFileType = sourcecode.swift; path = SyntaxHighlightingService.swift; sourceTree = "<group>"; };
		588F1FE30F261E3A90EDA80B /* AppSettings.swift */ = {isa = PBXFileReference; lastKnownFileType = sourcecode.swift; path = AppSettings.swift; sourceTree = "<group>"; };
		5A71EC20781F2E4F7C422F34 /* Color+Theme.swift */ = {isa = PBXFileReference; lastKnownFileType = sourcecode.swift; path = "Color+Theme.swift"; sourceTree = "<group>"; };
		5B65F1B40EF03CFE305B82BB /* QuizView.swift */ = {isa = PBXFileReference; lastKnownFileType = sourcecode.swift; path = QuizView.swift; sourceTree = "<group>"; };
		5D058C807BB430F2B7A5B860 /* ViewModels.swift */ = {isa = PBXFileReference; lastKnownFileType = sourcecode.swift; path = ViewModels.swift; sourceTree = "<group>"; };
		60A4DCEC957A82A379CAFDA5 /* SettingsView.swift */ = {isa = PBXFileReference; lastKnownFileType = sourcecode.swift; path = SettingsView.swift; sourceTree = "<group>"; };
		6121B3FFD28AA3EC4D4F50BC /* coreml-intro-1.json */ = {isa = PBXFileReference; lastKnownFileType = text.json; path = "coreml-intro-1.json"; sourceTree = "<group>"; };
		6128C3ACC43042F220FBDAD4 /* widgetkit-basics-3.json */ = {isa = PBXFileReference; lastKnownFileType = text.json; path = "widgetkit-basics-3.json"; sourceTree = "<group>"; };
		632D0CAAB91DF360EE8E4F4B /* ContentView.swift */ = {isa = PBXFileReference; lastKnownFileType = sourcecode.swift; path = ContentView.swift; sourceTree = "<group>"; };
		66AB7C276E4C4EF5B0329015 /* Date+Extensions.swift */ = {isa = PBXFileReference; lastKnownFileType = sourcecode.swift; path = "Date+Extensions.swift"; sourceTree = "<group>"; };
		67084F6DA5048C17FC2F3436 /* Components.swift */ = {isa = PBXFileReference; lastKnownFileType = sourcecode.swift; path = Components.swift; sourceTree = "<group>"; };
		68A35F6BADB6A4DCEFB2120B /* swift-fundamentals-3.json */ = {isa = PBXFileReference; lastKnownFileType = text.json; path = "swift-fundamentals-3.json"; sourceTree = "<group>"; };
		6D1BF1DFDC279DC14640D02C /* View+Extensions.swift */ = {isa = PBXFileReference; lastKnownFileType = sourcecode.swift; path = "View+Extensions.swift"; sourceTree = "<group>"; };
		6F3BCA612D8BD72ADEED6587 /* swiftui-essentials-3.json */ = {isa = PBXFileReference; lastKnownFileType = text.json; path = "swiftui-essentials-3.json"; sourceTree = "<group>"; };
		712D930B041AF64FE63D93B0 /* PreviewService.swift */ = {isa = PBXFileReference; lastKnownFileType = sourcecode.swift; path = PreviewService.swift; sourceTree = "<group>"; };
		7196D7519F5143DCF854C35A /* swiftui-essentials-5.json */ = {isa = PBXFileReference; lastKnownFileType = text.json; path = "swiftui-essentials-5.json"; sourceTree = "<group>"; };
		72782C654006CF862280025D /* concurrency.json */ = {isa = PBXFileReference; lastKnownFileType = text.json; path = concurrency.json; sourceTree = "<group>"; };
		735F9CADBAA4292B19A70B70 /* advanced-swift-2.json */ = {isa = PBXFileReference; lastKnownFileType = text.json; path = "advanced-swift-2.json"; sourceTree = "<group>"; };
		76B01C48A66E4E7D854D8644 /* xcode-mastery-2.json */ = {isa = PBXFileReference; lastKnownFileType = text.json; path = "xcode-mastery-2.json"; sourceTree = "<group>"; };
		7A78D414D21C2ACE93440EF1 /* combine-framework-1.json */ = {isa = PBXFileReference; lastKnownFileType = text.json; path = "combine-framework-1.json"; sourceTree = "<group>"; };
		8492B38F47E3BD7AB44808B8 /* swift-fundamentals-1.json */ = {isa = PBXFileReference; lastKnownFileType = text.json; path = "swift-fundamentals-1.json"; sourceTree = "<group>"; };
		862004DABC28BD10CD3FF817 /* swiftdata-essentials-1.json */ = {isa = PBXFileReference; lastKnownFileType = text.json; path = "swiftdata-essentials-1.json"; sourceTree = "<group>"; };
		87CC775969CB5D85E9EC6DF7 /* Assets.xcassets */ = {isa = PBXFileReference; lastKnownFileType = folder.assetcatalog; path = Assets.xcassets; sourceTree = "<group>"; };
		88738618327B85DEF6317287 /* coreml-intro-2.json */ = {isa = PBXFileReference; lastKnownFileType = text.json; path = "coreml-intro-2.json"; sourceTree = "<group>"; };
		8D38F6A8AC0BC670AEA06652 /* SMOutputPanel.swift */ = {isa = PBXFileReference; lastKnownFileType = sourcecode.swift; path = SMOutputPanel.swift; sourceTree = "<group>"; };
		903816B8297F72031372C2B7 /* AIChatPanel.swift */ = {isa = PBXFileReference; lastKnownFileType = sourcecode.swift; path = AIChatPanel.swift; sourceTree = "<group>"; };
		939E3A353D8F135D69BE1AB1 /* DebugContentView.swift */ = {isa = PBXFileReference; lastKnownFileType = sourcecode.swift; path = DebugContentView.swift; sourceTree = "<group>"; };
		9BEEEE0642076B3A95D61754 /* combine-framework-3.json */ = {isa = PBXFileReference; lastKnownFileType = text.json; path = "combine-framework-3.json"; sourceTree = "<group>"; };
		9D439E13D26E3D247AFEB28D /* xcode-mastery-1.json */ = {isa = PBXFileReference; lastKnownFileType = text.json; path = "xcode-mastery-1.json"; sourceTree = "<group>"; };
		9FF337EC4DC694EFA0D2D8B3 /* widgetkit-basics-1.json */ = {isa = PBXFileReference; lastKnownFileType = text.json; path = "widgetkit-basics-1.json"; sourceTree = "<group>"; };
		A1D258EF1FA6EA7F300DE868 /* SnippetLibraryView.swift */ = {isa = PBXFileReference; lastKnownFileType = sourcecode.swift; path = SnippetLibraryView.swift; sourceTree = "<group>"; };
		A714BDB9391654BFBAAE8970 /* CodeSnippet.swift */ = {isa = PBXFileReference; lastKnownFileType = sourcecode.swift; path = CodeSnippet.swift; sourceTree = "<group>"; };
		AEEA753893F9646C400A1FE7 /* swift-fundamentals.json */ = {isa = PBXFileReference; lastKnownFileType = text.json; path = "swift-fundamentals.json"; sourceTree = "<group>"; };
		B2540B70EC9D00CD0C703B83 /* GlassEffects.swift */ = {isa = PBXFileReference; lastKnownFileType = sourcecode.swift; path = GlassEffects.swift; sourceTree = "<group>"; };
		B7A64BB7AF7B868C695AEFB7 /* paths.json */ = {isa = PBXFileReference; lastKnownFileType = text.json; path = paths.json; sourceTree = "<group>"; };
		BF8C96E5901284B20CCBF0DD /* advanced-swift-1.json */ = {isa = PBXFileReference; lastKnownFileType = text.json; path = "advanced-swift-1.json"; sourceTree = "<group>"; };
		C081229F6F172A288CB8103E /* appstore-distribution-3.json */ = {isa = PBXFileReference; lastKnownFileType = text.json; path = "appstore-distribution-3.json"; sourceTree = "<group>"; };
		C1C8C118E021C55F3EE92236 /* coreml.json */ = {isa = PBXFileReference; lastKnownFileType = text.json; path = coreml.json; sourceTree = "<group>"; };
		C437CCCD575D1636A25FA301 /* widgetkit-basics-2.json */ = {isa = PBXFileReference; lastKnownFileType = text.json; path = "widgetkit-basics-2.json"; sourceTree = "<group>"; };
		CB76F888B351ECE48186137E /* snippets.json */ = {isa = PBXFileReference; lastKnownFileType = text.json; path = snippets.json; sourceTree = "<group>"; };
		D3E377B7C015321DFA8D3A44 /* OnboardingView.swift */ = {isa = PBXFileReference; lastKnownFileType = sourcecode.swift; path = OnboardingView.swift; sourceTree = "<group>"; };
		D63DFAD3430D3B2D29F02474 /* SMProgressRing.swift */ = {isa = PBXFileReference; lastKnownFileType = sourcecode.swift; path = SMProgressRing.swift; sourceTree = "<group>"; };
		E1AC5D3A0EA08B9CD886E2A1 /* CodeExecutionService.swift */ = {isa = PBXFileReference; lastKnownFileType = sourcecode.swift; path = CodeExecutionService.swift; sourceTree = "<group>"; };
		E34DC4F715E125259F6D8066 /* CodeEditorView.swift */ = {isa = PBXFileReference; lastKnownFileType = sourcecode.swift; path = CodeEditorView.swift; sourceTree = "<group>"; };
		E49728A0D10A4664C91EBA6F /* metal-basics-1.json */ = {isa = PBXFileReference; lastKnownFileType = text.json; path = "metal-basics-1.json"; sourceTree = "<group>"; };
		E4F4775D2224540F59873546 /* SwiftMentor.app */ = {isa = PBXFileReference; explicitFileType = wrapper.application; includeInIndex = 0; path = SwiftMentor.app; sourceTree = BUILT_PRODUCTS_DIR; };
		E9E812AA0795FD617E7BF888 /* AppDelegate.swift */ = {isa = PBXFileReference; lastKnownFileType = sourcecode.swift; path = AppDelegate.swift; sourceTree = "<group>"; };
		EB192958A476A9494C5900EF /* AIMessage.swift */ = {isa = PBXFileReference; lastKnownFileType = sourcecode.swift; path = AIMessage.swift; sourceTree = "<group>"; };
		EED14DCBC23B7D85522B160E /* metal.json */ = {isa = PBXFileReference; lastKnownFileType = text.json; path = metal.json; sourceTree = "<group>"; };
		EEED7B6C4305D9F7D7A6DAC8 /* SMCodeEditor.swift */ = {isa = PBXFileReference; lastKnownFileType = sourcecode.swift; path = SMCodeEditor.swift; sourceTree = "<group>"; };
		EFB0E26A62121D8A58BB7E38 /* Lesson.swift */ = {isa = PBXFileReference; lastKnownFileType = sourcecode.swift; path = Lesson.swift; sourceTree = "<group>"; };
		F31DFB7DE881C2C8CFF7AB0A /* UserProgress.swift */ = {isa = PBXFileReference; lastKnownFileType = sourcecode.swift; path = UserProgress.swift; sourceTree = "<group>"; };
		FBDC161D734EFA8323AFC309 /* String+Extensions.swift */ = {isa = PBXFileReference; lastKnownFileType = sourcecode.swift; path = "String+Extensions.swift"; sourceTree = "<group>"; };
		FE13107C623FA977BF71E975 /* ContentService.swift */ = {isa = PBXFileReference; lastKnownFileType = sourcecode.swift; path = ContentService.swift; sourceTree = "<group>"; };
		FF8256FF630BDA443AEE3E2B /* SMQuizView.swift */ = {isa = PBXFileReference; lastKnownFileType = sourcecode.swift; path = SMQuizView.swift; sourceTree = "<group>"; };
		FF97D89213B2FA9B531AE5A3 /* LearningPathsView.swift */ = {isa = PBXFileReference; lastKnownFileType = sourcecode.swift; path = LearningPathsView.swift; sourceTree = "<group>"; };
/* End PBXFileReference section */

/* Begin PBXFrameworksBuildPhase section */
		02F2C5C6268E6806FF1D3926 /* Frameworks */ = {
			isa = PBXFrameworksBuildPhase;
			buildActionMask = 2147483647;
			files = (
				D77E74512F6A13DC6719E03D /* SQLite in Frameworks */,
				DFBE79C965053F2A9634ACB8 /* Splash in Frameworks */,
			);
			runOnlyForDeploymentPostprocessing = 0;
		};
/* End PBXFrameworksBuildPhase section */

/* Begin PBXGroup section */
		044E586E5670C679CA45C5EA = {
			isa = PBXGroup;
			children = (
				43401F9F8E15566664503E09 /* App */,
				5A62F3E1F3F21C8DC5D972A1 /* Database */,
				F7CC389D78F5EA1E1FD5E934 /* Extensions */,
				9C4B181EF27A8D8E2522B634 /* LearningPaths */,
				D83C9C51AC71BF094B2F8856 /* Lessons */,
				A375B01BACCE8241F980C3C5 /* Models */,
				F0C57D33861FB43AEA6C3BC1 /* Resources */,
				1642159978839703E076B1FB /* Services */,
				1D4BAD5A3776A35185F1B88F /* Snippets */,
				B2448ED16C07F3F4263E8500 /* ViewModels */,
				C5DF15298A725523E897334D /* Views */,
				29B955EADB3DEE7C23FA2E53 /* Products */,
			);
			sourceTree = "<group>";
		};
		04F93D3A71BFE91E3F47A54F /* Progress */ = {
			isa = PBXGroup;
			children = (
				566893D70C644407F95487D5 /* ProgressView.swift */,
			);
			path = Progress;
			sourceTree = "<group>";
		};
		1642159978839703E076B1FB /* Services */ = {
			isa = PBXGroup;
			children = (
				1E0FCF10D646CAC4449F762C /* AIService.swift */,
				00F8084E201467ECAAFD0960 /* AutocompleteService.swift */,
				E1AC5D3A0EA08B9CD886E2A1 /* CodeExecutionService.swift */,
				FE13107C623FA977BF71E975 /* ContentService.swift */,
				712D930B041AF64FE63D93B0 /* PreviewService.swift */,
				2AA5D9F4ECD853C61A0CC418 /* ProgressService.swift */,
				1FABCFF63ADEC884988CE0AA /* ProjectGeneratorService.swift */,
				568913DE2D38766353C5DC46 /* SyntaxHighlightingService.swift */,
			);
			path = Services;
			sourceTree = "<group>";
		};
		186A45EC91782300E382063B /* Help */ = {
			isa = PBXGroup;
			children = (
				D3E377B7C015321DFA8D3A44 /* OnboardingView.swift */,
			);
			path = Help;
			sourceTree = "<group>";
		};
		1D4BAD5A3776A35185F1B88F /* Snippets */ = {
			isa = PBXGroup;
			children = (
				72782C654006CF862280025D /* concurrency.json */,
				C1C8C118E021C55F3EE92236 /* coreml.json */,
				EED14DCBC23B7D85522B160E /* metal.json */,
				CB76F888B351ECE48186137E /* snippets.json */,
				AEEA753893F9646C400A1FE7 /* swift-fundamentals.json */,
				2527E82E3A70831851424242 /* swiftui.json */,
			);
			name = Snippets;
			path = Resources/Snippets;
			sourceTree = "<group>";
		};
		28E5B1E06B7B9F6E9033783B /* AIAssistant */ = {
			isa = PBXGroup;
			children = (
				903816B8297F72031372C2B7 /* AIChatPanel.swift */,
			);
			path = AIAssistant;
			sourceTree = "<group>";
		};
		29B955EADB3DEE7C23FA2E53 /* Products */ = {
			isa = PBXGroup;
			children = (
				E4F4775D2224540F59873546 /* SwiftMentor.app */,
			);
			name = Products;
			sourceTree = "<group>";
		};
		2C69BF52E03EEDE4AF11B52C /* Lesson */ = {
			isa = PBXGroup;
			children = (
				02C4340CC1BC4C1E9F2BED67 /* LessonDetailView.swift */,
				5B65F1B40EF03CFE305B82BB /* QuizView.swift */,
			);
			path = Lesson;
			sourceTree = "<group>";
		};
		30EE07500C82A5880D3D2989 /* Debug */ = {
			isa = PBXGroup;
			children = (
				939E3A353D8F135D69BE1AB1 /* DebugContentView.swift */,
				33D91C9C0247E7C2E3889EE1 /* LearningPathsPreview.swift */,
			);
			path = Debug;
			sourceTree = "<group>";
		};
		42E8F6A2EB085F02591D66FE /* MainWindow */ = {
			isa = PBXGroup;
			children = (
				632D0CAAB91DF360EE8E4F4B /* ContentView.swift */,
				15AB15A37662725DBA82112C /* SidebarView.swift */,
			);
			path = MainWindow;
			sourceTree = "<group>";
		};
		43401F9F8E15566664503E09 /* App */ = {
			isa = PBXGroup;
			children = (
				E9E812AA0795FD617E7BF888 /* AppDelegate.swift */,
				1FDB2810E6128B68485DB759 /* main.swift */,
			);
			path = App;
			sourceTree = "<group>";
		};
		5A62F3E1F3F21C8DC5D972A1 /* Database */ = {
			isa = PBXGroup;
			children = (
				1B581ED457FC30562664B14A /* DatabaseManager.swift */,
			);
			path = Database;
			sourceTree = "<group>";
		};
		6E2E3C2A14BB47C743967967 /* Snippets */ = {
			isa = PBXGroup;
			children = (
				A1D258EF1FA6EA7F300DE868 /* SnippetLibraryView.swift */,
			);
			path = Snippets;
			sourceTree = "<group>";
		};
		776414E919F031CCCAF61FBE /* Dashboard */ = {
			isa = PBXGroup;
			children = (
				378411FABF19C566287166BB /* DashboardView.swift */,
			);
			path = Dashboard;
			sourceTree = "<group>";
		};
		97AE3F28DE5FA37CC7573177 /* Components */ = {
			isa = PBXGroup;
			children = (
				67084F6DA5048C17FC2F3436 /* Components.swift */,
				B2540B70EC9D00CD0C703B83 /* GlassEffects.swift */,
				EEED7B6C4305D9F7D7A6DAC8 /* SMCodeEditor.swift */,
				8D38F6A8AC0BC670AEA06652 /* SMOutputPanel.swift */,
				D63DFAD3430D3B2D29F02474 /* SMProgressRing.swift */,
				FF8256FF630BDA443AEE3E2B /* SMQuizView.swift */,
			);
			path = Components;
			sourceTree = "<group>";
		};
		9C4B181EF27A8D8E2522B634 /* LearningPaths */ = {
			isa = PBXGroup;
			children = (
				B7A64BB7AF7B868C695AEFB7 /* paths.json */,
			);
			name = LearningPaths;
			path = Resources/LearningPaths;
			sourceTree = "<group>";
		};
		9C80E303476AB9A22A7E0195 /* LearningPath */ = {
			isa = PBXGroup;
			children = (
				FF97D89213B2FA9B531AE5A3 /* LearningPathsView.swift */,
			);
			path = LearningPath;
			sourceTree = "<group>";
		};
		A375B01BACCE8241F980C3C5 /* Models */ = {
			isa = PBXGroup;
			children = (
				EB192958A476A9494C5900EF /* AIMessage.swift */,
				588F1FE30F261E3A90EDA80B /* AppSettings.swift */,
				A714BDB9391654BFBAAE8970 /* CodeSnippet.swift */,
				1942D84278A47C3155A1F55B /* LearningPath.swift */,
				EFB0E26A62121D8A58BB7E38 /* Lesson.swift */,
				F31DFB7DE881C2C8CFF7AB0A /* UserProgress.swift */,
			);
			path = Models;
			sourceTree = "<group>";
		};
		B0BB47A071F93072E7979892 /* Playground */ = {
			isa = PBXGroup;
			children = (
				E34DC4F715E125259F6D8066 /* CodeEditorView.swift */,
				0D4C4FB009D08A5FD58332CA /* CodePlaygroundView.swift */,
			);
			path = Playground;
			sourceTree = "<group>";
		};
		B2448ED16C07F3F4263E8500 /* ViewModels */ = {
			isa = PBXGroup;
			children = (
				5D058C807BB430F2B7A5B860 /* ViewModels.swift */,
			);
			path = ViewModels;
			sourceTree = "<group>";
		};
		B991D1AD30ED55E53FFD74A6 /* Settings */ = {
			isa = PBXGroup;
			children = (
				60A4DCEC957A82A379CAFDA5 /* SettingsView.swift */,
			);
			path = Settings;
			sourceTree = "<group>";
		};
		C5DF15298A725523E897334D /* Views */ = {
			isa = PBXGroup;
			children = (
				28E5B1E06B7B9F6E9033783B /* AIAssistant */,
				97AE3F28DE5FA37CC7573177 /* Components */,
				776414E919F031CCCAF61FBE /* Dashboard */,
				30EE07500C82A5880D3D2989 /* Debug */,
				186A45EC91782300E382063B /* Help */,
				9C80E303476AB9A22A7E0195 /* LearningPath */,
				2C69BF52E03EEDE4AF11B52C /* Lesson */,
				42E8F6A2EB085F02591D66FE /* MainWindow */,
				B0BB47A071F93072E7979892 /* Playground */,
				04F93D3A71BFE91E3F47A54F /* Progress */,
				B991D1AD30ED55E53FFD74A6 /* Settings */,
				6E2E3C2A14BB47C743967967 /* Snippets */,
			);
			path = Views;
			sourceTree = "<group>";
		};
		D83C9C51AC71BF094B2F8856 /* Lessons */ = {
			isa = PBXGroup;
			children = (
				BF8C96E5901284B20CCBF0DD /* advanced-swift-1.json */,
				735F9CADBAA4292B19A70B70 /* advanced-swift-2.json */,
				1670BCA1B97A943375C5DF66 /* advanced-swift-3.json */,
				2CAD4AA5F8AE1E0BF982E0E1 /* advanced-swift-4.json */,
				20E31A202AC96301B2EBD285 /* advanced-swift-5.json */,
				33CC520228BE89EF54A8155A /* appstore-distribution-1.json */,
				5657350B385E9F0941D057FE /* appstore-distribution-2.json */,
				C081229F6F172A288CB8103E /* appstore-distribution-3.json */,
				7A78D414D21C2ACE93440EF1 /* combine-framework-1.json */,
				0A90245ED8FB975AF4ABBED9 /* combine-framework-2.json */,
				9BEEEE0642076B3A95D61754 /* combine-framework-3.json */,
				6121B3FFD28AA3EC4D4F50BC /* coreml-intro-1.json */,
				88738618327B85DEF6317287 /* coreml-intro-2.json */,
				197CD9CD80EE2E835F57E696 /* coreml-intro-3.json */,
				E49728A0D10A4664C91EBA6F /* metal-basics-1.json */,
				48126888C4BC37330AA07A31 /* metal-basics-2.json */,
				2AE10A0EBE171E8782AC5C61 /* metal-basics-3.json */,
				8492B38F47E3BD7AB44808B8 /* swift-fundamentals-1.json */,
				2B018034F22DF1EFF171C9C3 /* swift-fundamentals-2.json */,
				68A35F6BADB6A4DCEFB2120B /* swift-fundamentals-3.json */,
				52E5EB162CC64DD65A0BE3D3 /* swift-fundamentals-4.json */,
				3D07003AF7002DD000D35B9B /* swift-fundamentals-5.json */,
				862004DABC28BD10CD3FF817 /* swiftdata-essentials-1.json */,
				06F5560172FDD67E8EC6F006 /* swiftdata-essentials-2.json */,
				07921B8D78F915497BCC696A /* swiftdata-essentials-3.json */,
				0AA1998D46ED3E10B087DC09 /* swiftui-essentials-1.json */,
				28C5156F97BF49B6FE5DBE69 /* swiftui-essentials-2.json */,
				6F3BCA612D8BD72ADEED6587 /* swiftui-essentials-3.json */,
				2720C7C7E2C84632382B99F5 /* swiftui-essentials-4.json */,
				7196D7519F5143DCF854C35A /* swiftui-essentials-5.json */,
				9FF337EC4DC694EFA0D2D8B3 /* widgetkit-basics-1.json */,
				C437CCCD575D1636A25FA301 /* widgetkit-basics-2.json */,
				6128C3ACC43042F220FBDAD4 /* widgetkit-basics-3.json */,
				9D439E13D26E3D247AFEB28D /* xcode-mastery-1.json */,
				76B01C48A66E4E7D854D8644 /* xcode-mastery-2.json */,
				43E786951496A462EEA513AD /* xcode-mastery-3.json */,
			);
			name = Lessons;
			path = Resources/Lessons;
			sourceTree = "<group>";
		};
		F0C57D33861FB43AEA6C3BC1 /* Resources */ = {
			isa = PBXGroup;
			children = (
				87CC775969CB5D85E9EC6DF7 /* Assets.xcassets */,
			);
			path = Resources;
			sourceTree = "<group>";
		};
		F7CC389D78F5EA1E1FD5E934 /* Extensions */ = {
			isa = PBXGroup;
			children = (
				5A71EC20781F2E4F7C422F34 /* Color+Theme.swift */,
				66AB7C276E4C4EF5B0329015 /* Date+Extensions.swift */,
				FBDC161D734EFA8323AFC309 /* String+Extensions.swift */,
				6D1BF1DFDC279DC14640D02C /* View+Extensions.swift */,
			);
			path = Extensions;
			sourceTree = "<group>";
		};
/* End PBXGroup section */

/* Begin PBXNativeTarget section */
		898E9FC2B3A8EFD31FD4C8E9 /* SwiftMentor */ = {
			isa = PBXNativeTarget;
			buildConfigurationList = 9F5C2DFB943BF1B020E99F35 /* Build configuration list for PBXNativeTarget "SwiftMentor" */;
			buildPhases = (
				42F62D6CD28C13ACA84A5D82 /* Sources */,
				9B14779128BDFD0616523575 /* Resources */,
				02F2C5C6268E6806FF1D3926 /* Frameworks */,
			);
			buildRules = (
			);
			dependencies = (
			);
			name = SwiftMentor;
			packageProductDependencies = (
				A7297DF072D72656A1B4BC9B /* SQLite */,
				0A7695AFBB064B22944A8E60 /* Splash */,
			);
			productName = SwiftMentor;
			productReference = E4F4775D2224540F59873546 /* SwiftMentor.app */;
			productType = "com.apple.product-type.application";
		};
/* End PBXNativeTarget section */

/* Begin PBXProject section */
		5ABEC312619236EB1ED848BC /* Project object */ = {
			isa = PBXProject;
			attributes = {
				BuildIndependentTargetsInParallel = YES;
				LastUpgradeCheck = 2641;
				TargetAttributes = {
				};
			};
			buildConfigurationList = 9630E85EEB656548BC652AE7 /* Build configuration list for PBXProject "SwiftMentor" */;
			developmentRegion = en;
			hasScannedForEncodings = 0;
			knownRegions = (
				Base,
				en,
			);
			mainGroup = 044E586E5670C679CA45C5EA;
			minimizedProjectReferenceProxies = 1;
			packageReferences = (
				C23F217672548107346692B5 /* XCRemoteSwiftPackageReference "SQLite.swift" */,
				B45CDED26D823DD421525D14 /* XCRemoteSwiftPackageReference "Splash" */,
			);
			preferredProjectObjectVersion = 77;
			productRefGroup = 29B955EADB3DEE7C23FA2E53 /* Products */;
			projectDirPath = "";
			projectRoot = "";
			targets = (
				898E9FC2B3A8EFD31FD4C8E9 /* SwiftMentor */,
			);
		};
/* End PBXProject section */

/* Begin PBXResourcesBuildPhase section */
		9B14779128BDFD0616523575 /* Resources */ = {
			isa = PBXResourcesBuildPhase;
			buildActionMask = 2147483647;
			files = (
				809988C9E7245B7752DB12B1 /* Assets.xcassets in Resources */,
				91F907D3502551A4330FAC49 /* advanced-swift-1.json in Resources */,
				730C470A7FFC7405CC05E1F0 /* advanced-swift-2.json in Resources */,
				FF33679B70F78A9B3F169266 /* advanced-swift-3.json in Resources */,
				F8B775953C169957564AA948 /* advanced-swift-4.json in Resources */,
				051764268CC366863B331526 /* advanced-swift-5.json in Resources */,
				3DA15AA30BA797BC73719AF3 /* appstore-distribution-1.json in Resources */,
				9F1D85585D2DD86BEB4735E9 /* appstore-distribution-2.json in Resources */,
				8BEC8B1FAFB418F03A40D5A7 /* appstore-distribution-3.json in Resources */,
				9FA373614F02CBA1E85ADB40 /* combine-framework-1.json in Resources */,
				E1C10436692E658555C57CC6 /* combine-framework-2.json in Resources */,
				35ABF9605017EBEC377C0CCD /* combine-framework-3.json in Resources */,
				45FB287012DFB43CB4E738EB /* concurrency.json in Resources */,
				7D27987A1C28A274567499C6 /* coreml-intro-1.json in Resources */,
				5FCF8EE686B943E0E724C28F /* coreml-intro-2.json in Resources */,
				C3B90525DBCDC3FC423AA433 /* coreml-intro-3.json in Resources */,
				BD36C77B3C162F5E9F887F89 /* coreml.json in Resources */,
				95E3DD37FEE52609BEEC75FC /* metal-basics-1.json in Resources */,
				46143044C6DA50223CC2CC20 /* metal-basics-2.json in Resources */,
				68605CE243ADE435793F146B /* metal-basics-3.json in Resources */,
				A0F94A9276017B339A80DCA4 /* metal.json in Resources */,
				65B4E8F5C1A3BD62BECE12EA /* paths.json in Resources */,
				D09F8EF28FECB71EF0E3D148 /* snippets.json in Resources */,
				D26DB021328B11B8EB323CCA /* swift-fundamentals-1.json in Resources */,
				33BA17FF04FEE64B70869F2A /* swift-fundamentals-2.json in Resources */,
				8319E113C793CE88C87EF5AF /* swift-fundamentals-3.json in Resources */,
				66BFCA1A8D7A710E04801ECD /* swift-fundamentals-4.json in Resources */,
				D3A10472C03386E4F17DD7AF /* swift-fundamentals-5.json in Resources */,
				321C77321C893A739051A2FE /* swift-fundamentals.json in Resources */,
				6680BBBAB4608C3194277125 /* swiftdata-essentials-1.json in Resources */,
				B3A02CCDDC521F05057BE876 /* swiftdata-essentials-2.json in Resources */,
				DE5BA50B0B5A939417AF08FC /* swiftdata-essentials-3.json in Resources */,
				B0E7B9CA175B49A7A2895923 /* swiftui-essentials-1.json in Resources */,
				F46594A1C48F4AC3EE4B241D /* swiftui-essentials-2.json in Resources */,
				E55250DCE3093A5833E5B100 /* swiftui-essentials-3.json in Resources */,
				12F14D514C1E707E8713FC86 /* swiftui-essentials-4.json in Resources */,
				DC36D1169DB5391FFBF16F3C /* swiftui-essentials-5.json in Resources */,
				FF3D2B952CE70707B12C3662 /* swiftui.json in Resources */,
				41A9FC05D7A6EBC9ED38F4E3 /* widgetkit-basics-1.json in Resources */,
				B60795785C4EFC1647F197C8 /* widgetkit-basics-2.json in Resources */,
				AC994F5403E732FED0753C49 /* widgetkit-basics-3.json in Resources */,
				11C49C8B9AEEC531E24570AD /* xcode-mastery-1.json in Resources */,
				69B7D2AD2EF2026250CE7313 /* xcode-mastery-2.json in Resources */,
				839DBB0FFA7E548960EF1CAB /* xcode-mastery-3.json in Resources */,
			);
			runOnlyForDeploymentPostprocessing = 0;
		};
/* End PBXResourcesBuildPhase section */

/* Begin PBXSourcesBuildPhase section */
		42F62D6CD28C13ACA84A5D82 /* Sources */ = {
			isa = PBXSourcesBuildPhase;
			buildActionMask = 2147483647;
			files = (
				47864BDCEBA90893D4AD6703 /* AIChatPanel.swift in Sources */,
				1930F3FC48DA1E4544D6883F /* AIMessage.swift in Sources */,
				96143CD27C8933160FD672AF /* AIService.swift in Sources */,
				B89665E59F357E24E2BB20DE /* AppDelegate.swift in Sources */,
				AB1076F844307C1C95C6DAE6 /* AppSettings.swift in Sources */,
				C6977F3A8CEDDC7F3FC58805 /* AutocompleteService.swift in Sources */,
				E24CC15E52B761A525485B7B /* CodeEditorView.swift in Sources */,
				3E2181986CBF198CB4CFB595 /* CodeExecutionService.swift in Sources */,
				CC9117638123CBF030BBDD81 /* CodePlaygroundView.swift in Sources */,
				FDD4C3979DDB7ED69A1F7168 /* CodeSnippet.swift in Sources */,
				081BD7E4DB993339929C446E /* Color+Theme.swift in Sources */,
				87D5A3E1B5A163E24DB60536 /* Components.swift in Sources */,
				F607CC17F618C494137414FB /* ContentService.swift in Sources */,
				9703221E2466FBFE268C83E3 /* ContentView.swift in Sources */,
				9ADF3D8E1FACAB8A29BE795E /* DashboardView.swift in Sources */,
				DDB48328B6F2D400FF5EAFD9 /* DatabaseManager.swift in Sources */,
				AE2706E8F0E3B9C167D0613D /* Date+Extensions.swift in Sources */,
				533EFE6C47F72FC1FC165B15 /* DebugContentView.swift in Sources */,
				909028AE7B310A7F9AB81194 /* GlassEffects.swift in Sources */,
				18C62118798158971678BA4B /* LearningPath.swift in Sources */,
				34FE3D06D5D219B62F901F49 /* LearningPathsPreview.swift in Sources */,
				2ADBA9837585CD9E6167A20B /* LearningPathsView.swift in Sources */,
				1AE87387156801C0236CCB7C /* Lesson.swift in Sources */,
				C5F52AD274763E48AC97DFDB /* LessonDetailView.swift in Sources */,
				E6988D4A1ECD9618448B4B2D /* OnboardingView.swift in Sources */,
				28B9E9EC02FE1F5C93198104 /* PreviewService.swift in Sources */,
				9C5D1DE0FC716F335FE0B462 /* ProgressService.swift in Sources */,
				0389B5BFC6E9792167E5C7ED /* ProgressView.swift in Sources */,
				45BC7C46774266E9A5FDC5AE /* ProjectGeneratorService.swift in Sources */,
				16336FBDCA4A7391B4AC8D22 /* QuizView.swift in Sources */,
				4540D6C5C8FC97EE0087E6A2 /* SMCodeEditor.swift in Sources */,
				D3FC22E479359F6BCCB21796 /* SMOutputPanel.swift in Sources */,
				2D139AD5A1D6786F77B7BEB2 /* SMProgressRing.swift in Sources */,
				B0ACC4458969F0FBEDBAA4A5 /* SMQuizView.swift in Sources */,
				E9A2600868F8F9F9E8153D37 /* SettingsView.swift in Sources */,
				998D99001BAAD8A6CF9D4523 /* SidebarView.swift in Sources */,
				2B9B2FF5FA537F825F07A8EB /* SnippetLibraryView.swift in Sources */,
				F562526FCF344E3ACFC73FA3 /* String+Extensions.swift in Sources */,
				F5C0D8AB740C8E42CB4EE86F /* SyntaxHighlightingService.swift in Sources */,
				B943416D089E3E4BD3DDF9D7 /* UserProgress.swift in Sources */,
				BECFC8FB145C497F5812A422 /* View+Extensions.swift in Sources */,
				490EE6BD8A3BD226BC98B7CA /* ViewModels.swift in Sources */,
				55C0A47C4102C92E5FDE882F /* main.swift in Sources */,
			);
			runOnlyForDeploymentPostprocessing = 0;
		};
/* End PBXSourcesBuildPhase section */

/* Begin XCBuildConfiguration section */
		603FA8CA44F5D8E2FF69DDFC /* Release */ = {
			isa = XCBuildConfiguration;
			buildSettings = {
				ASSETCATALOG_COMPILER_APPICON_NAME = AppIcon;
				CLANG_ENABLE_EXPLICIT_MODULES = NO;
				CODE_SIGN_ENTITLEMENTS = Supporting/SwiftMentor.entitlements;
				CODE_SIGN_INJECT_BASE_ENTITLEMENTS = NO;
				COMBINE_HIDPI_IMAGES = YES;
				EXPLICIT_MODULE_BUILD = NO;
				INFOPLIST_FILE = Supporting/Info.plist;
				LD_RUNPATH_SEARCH_PATHS = "$(inherited) @executable_path/../Frameworks";
				PRODUCT_BUNDLE_IDENTIFIER = com.swiftmentor.macos;
				SDKROOT = macosx;
				SWIFT_COMPILATION_MODE = singlefile;
				SWIFT_EMIT_LOC_STRINGS = YES;
				SWIFT_ENABLE_EXPLICIT_MODULES = NO;
				SWIFT_OPTIMIZATION_LEVEL = "-Onone";
			};
			name = Release;
		};
		798E8D809135757F3621357A /* Debug */ = {
			isa = XCBuildConfiguration;
			buildSettings = {
				ALWAYS_SEARCH_USER_PATHS = NO;
				CLANG_ANALYZER_NONNULL = YES;
				CLANG_ANALYZER_NUMBER_OBJECT_CONVERSION = YES_AGGRESSIVE;
				CLANG_CXX_LANGUAGE_STANDARD = "gnu++14";
				CLANG_CXX_LIBRARY = "libc++";
				CLANG_ENABLE_MODULES = YES;
				CLANG_ENABLE_OBJC_ARC = YES;
				CLANG_ENABLE_OBJC_WEAK = YES;
				CLANG_WARN_BLOCK_CAPTURE_AUTORELEASING = YES;
				CLANG_WARN_BOOL_CONVERSION = YES;
				CLANG_WARN_COMMA = YES;
				CLANG_WARN_CONSTANT_CONVERSION = YES;
				CLANG_WARN_DEPRECATED_OBJC_IMPLEMENTATIONS = YES;
				CLANG_WARN_DIRECT_OBJC_ISA_USAGE = YES_ERROR;
				CLANG_WARN_DOCUMENTATION_COMMENTS = YES;
				CLANG_WARN_EMPTY_BODY = YES;
				CLANG_WARN_ENUM_CONVERSION = YES;
				CLANG_WARN_INFINITE_RECURSION = YES;
				CLANG_WARN_INT_CONVERSION = YES;
				CLANG_WARN_NON_LITERAL_NULL_CONVERSION = YES;
				CLANG_WARN_OBJC_IMPLICIT_RETAIN_SELF = YES;
				CLANG_WARN_OBJC_LITERAL_CONVERSION = YES;
				CLANG_WARN_OBJC_ROOT_CLASS = YES_ERROR;
				CLANG_WARN_QUOTED_INCLUDE_IN_FRAMEWORK_HEADER = YES;
				CLANG_WARN_RANGE_LOOP_ANALYSIS = YES;
				CLANG_WARN_STRICT_PROTOTYPES = YES;
				CLANG_WARN_SUSPICIOUS_MOVE = YES;
				CLANG_WARN_UNGUARDED_AVAILABILITY = YES_AGGRESSIVE;
				CLANG_WARN_UNREACHABLE_CODE = YES;
				CLANG_WARN__DUPLICATE_METHOD_MATCH = YES;
				COPY_PHASE_STRIP = NO;
				DEBUG_INFORMATION_FORMAT = dwarf;
				ENABLE_STRICT_OBJC_MSGSEND = YES;
				ENABLE_TESTABILITY = YES;
				GCC_C_LANGUAGE_STANDARD = gnu11;
				GCC_DYNAMIC_NO_PIC = NO;
				GCC_NO_COMMON_BLOCKS = YES;
				GCC_OPTIMIZATION_LEVEL = 0;
				GCC_PREPROCESSOR_DEFINITIONS = (
					"$(inherited)",
					"DEBUG=1",
				);
				GCC_WARN_64_TO_32_BIT_CONVERSION = YES;
				GCC_WARN_ABOUT_RETURN_TYPE = YES_ERROR;
				GCC_WARN_UNDECLARED_SELECTOR = YES;
				GCC_WARN_UNINITIALIZED_AUTOS = YES_AGGRESSIVE;
				GCC_WARN_UNUSED_FUNCTION = YES;
				GCC_WARN_UNUSED_VARIABLE = YES;
				MACOSX_DEPLOYMENT_TARGET = 15.4;
				MTL_ENABLE_DEBUG_INFO = INCLUDE_SOURCE;
				MTL_FAST_MATH = YES;
				ONLY_ACTIVE_ARCH = YES;
				PRODUCT_NAME = "$(TARGET_NAME)";
				SDKROOT = macosx;
				SWIFT_ACTIVE_COMPILATION_CONDITIONS = DEBUG;
				SWIFT_OPTIMIZATION_LEVEL = "-Onone";
				SWIFT_VERSION = 5.0;
			};
			name = Debug;
		};
		8DB43734BDFA6804E0692ECD /* Release */ = {
			isa = XCBuildConfiguration;
			buildSettings = {
				ALWAYS_SEARCH_USER_PATHS = NO;
				CLANG_ANALYZER_NONNULL = YES;
				CLANG_ANALYZER_NUMBER_OBJECT_CONVERSION = YES_AGGRESSIVE;
				CLANG_CXX_LANGUAGE_STANDARD = "gnu++14";
				CLANG_CXX_LIBRARY = "libc++";
				CLANG_ENABLE_MODULES = YES;
				CLANG_ENABLE_OBJC_ARC = YES;
				CLANG_ENABLE_OBJC_WEAK = YES;
				CLANG_WARN_BLOCK_CAPTURE_AUTORELEASING = YES;
				CLANG_WARN_BOOL_CONVERSION = YES;
				CLANG_WARN_COMMA = YES;
				CLANG_WARN_CONSTANT_CONVERSION = YES;
				CLANG_WARN_DEPRECATED_OBJC_IMPLEMENTATIONS = YES;
				CLANG_WARN_DIRECT_OBJC_ISA_USAGE = YES_ERROR;
				CLANG_WARN_DOCUMENTATION_COMMENTS = YES;
				CLANG_WARN_EMPTY_BODY = YES;
				CLANG_WARN_ENUM_CONVERSION = YES;
				CLANG_WARN_INFINITE_RECURSION = YES;
				CLANG_WARN_INT_CONVERSION = YES;
				CLANG_WARN_NON_LITERAL_NULL_CONVERSION = YES;
				CLANG_WARN_OBJC_IMPLICIT_RETAIN_SELF = YES;
				CLANG_WARN_OBJC_LITERAL_CONVERSION = YES;
				CLANG_WARN_OBJC_ROOT_CLASS = YES_ERROR;
				CLANG_WARN_QUOTED_INCLUDE_IN_FRAMEWORK_HEADER = YES;
				CLANG_WARN_RANGE_LOOP_ANALYSIS = YES;
				CLANG_WARN_STRICT_PROTOTYPES = YES;
				CLANG_WARN_SUSPICIOUS_MOVE = YES;
				CLANG_WARN_UNGUARDED_AVAILABILITY = YES_AGGRESSIVE;
				CLANG_WARN_UNREACHABLE_CODE = YES;
				CLANG_WARN__DUPLICATE_METHOD_MATCH = YES;
				COPY_PHASE_STRIP = NO;
				DEBUG_INFORMATION_FORMAT = "dwarf-with-dsym";
				ENABLE_NS_ASSERTIONS = NO;
				ENABLE_STRICT_OBJC_MSGSEND = YES;
				GCC_C_LANGUAGE_STANDARD = gnu11;
				GCC_NO_COMMON_BLOCKS = YES;
				GCC_WARN_64_TO_32_BIT_CONVERSION = YES;
				GCC_WARN_ABOUT_RETURN_TYPE = YES_ERROR;
				GCC_WARN_UNDECLARED_SELECTOR = YES;
				GCC_WARN_UNINITIALIZED_AUTOS = YES_AGGRESSIVE;
				GCC_WARN_UNUSED_FUNCTION = YES;
				GCC_WARN_UNUSED_VARIABLE = YES;
				MACOSX_DEPLOYMENT_TARGET = 15.4;
				MTL_ENABLE_DEBUG_INFO = NO;
				MTL_FAST_MATH = YES;
				PRODUCT_NAME = "$(TARGET_NAME)";
				SDKROOT = macosx;
				SWIFT_COMPILATION_MODE = wholemodule;
				SWIFT_OPTIMIZATION_LEVEL = "-O";
				SWIFT_VERSION = 5.0;
			};
			name = Release;
		};
		DD12E71A8987051C3F64564C /* Debug */ = {
			isa = XCBuildConfiguration;
			buildSettings = {
				ASSETCATALOG_COMPILER_APPICON_NAME = AppIcon;
				CLANG_ENABLE_EXPLICIT_MODULES = NO;
				CODE_SIGN_ENTITLEMENTS = Supporting/SwiftMentor.entitlements;
				CODE_SIGN_INJECT_BASE_ENTITLEMENTS = NO;
				COMBINE_HIDPI_IMAGES = YES;
				EXPLICIT_MODULE_BUILD = NO;
				INFOPLIST_FILE = Supporting/Info.plist;
				LD_RUNPATH_SEARCH_PATHS = "$(inherited) @executable_path/../Frameworks";
				PRODUCT_BUNDLE_IDENTIFIER = com.swiftmentor.macos;
				SDKROOT = macosx;
				SWIFT_COMPILATION_MODE = singlefile;
				SWIFT_EMIT_LOC_STRINGS = YES;
				SWIFT_ENABLE_EXPLICIT_MODULES = NO;
				SWIFT_OPTIMIZATION_LEVEL = "-Onone";
			};
			name = Debug;
		};
/* End XCBuildConfiguration section */

/* Begin XCConfigurationList section */
		9630E85EEB656548BC652AE7 /* Build configuration list for PBXProject "SwiftMentor" */ = {
			isa = XCConfigurationList;
			buildConfigurations = (
				798E8D809135757F3621357A /* Debug */,
				8DB43734BDFA6804E0692ECD /* Release */,
			);
			defaultConfigurationIsVisible = 0;
			defaultConfigurationName = Debug;
		};
		9F5C2DFB943BF1B020E99F35 /* Build configuration list for PBXNativeTarget "SwiftMentor" */ = {
			isa = XCConfigurationList;
			buildConfigurations = (
				DD12E71A8987051C3F64564C /* Debug */,
				603FA8CA44F5D8E2FF69DDFC /* Release */,
			);
			defaultConfigurationIsVisible = 0;
			defaultConfigurationName = Debug;
		};
/* End XCConfigurationList section */

/* Begin XCRemoteSwiftPackageReference section */
		B45CDED26D823DD421525D14 /* XCRemoteSwiftPackageReference "Splash" */ = {
			isa = XCRemoteSwiftPackageReference;
			repositoryURL = "https://github.com/JohnSundell/Splash";
			requirement = {
				kind = exactVersion;
				version = 0.16.0;
			};
		};
		C23F217672548107346692B5 /* XCRemoteSwiftPackageReference "SQLite.swift" */ = {
			isa = XCRemoteSwiftPackageReference;
			repositoryURL = "https://github.com/stephencelis/SQLite.swift";
			requirement = {
				kind = exactVersion;
				version = 0.15.4;
			};
		};
/* End XCRemoteSwiftPackageReference section */

/* Begin XCSwiftPackageProductDependency section */
		0A7695AFBB064B22944A8E60 /* Splash */ = {
			isa = XCSwiftPackageProductDependency;
			package = B45CDED26D823DD421525D14 /* XCRemoteSwiftPackageReference "Splash" */;
			productName = Splash;
		};
		A7297DF072D72656A1B4BC9B /* SQLite */ = {
			isa = XCSwiftPackageProductDependency;
			package = C23F217672548107346692B5 /* XCRemoteSwiftPackageReference "SQLite.swift" */;
			productName = SQLite;
		};
/* End XCSwiftPackageProductDependency section */
	};
	rootObject = 5ABEC312619236EB1ED848BC /* Project object */;
}
